{
    "name": "data",
    "lockfileVersion": 3,
    "requires": true,
    "packages": {
        "": {
            "dependencies": {
                "convert-csv-to-json": "^2.48.0"
            }
        },
        "node_modules/convert-csv-to-json": {
            "version": "2.48.0",
            "resolved": "https://registry.npmjs.org/convert-csv-to-json/-/convert-csv-to-json-2.48.0.tgz",
            "integrity": "sha512-XkmztvCyY1qbUA1dlait7fmazAS0vDhYOzhMu90NPMvqBVY0/2GmAW1XzTzlKPpW5K/4ZaTKEO2Jb7e4saIQxg=="
        }
    }
}
